# This file is automatically @generated by Cargo.
# It is not intended for manual editing.
version = 3

[[package]]
name = "bf"
version = "0.1.0"
dependencies = [
 "read_char",
 "value-enum",
]

[[package]]
name = "maybe-uninit"
version = "2.0.0"
source = "registry+https://github.com/rust-lang/crates.io-index"
checksum = "60302e4db3a61da70c0cb7991976248362f30319e88850c487b9b95bbf059e00"

[[package]]
name = "read_char"
version = "0.1.1"
source = "registry+https://github.com/rust-lang/crates.io-index"
checksum = "0f803565a87502a15ef665d375e341c657de382dbf11c0eddca6b15bb82329ab"
dependencies = [
 "smallvec",
]

[[package]]
name = "smallvec"
version = "0.6.14"
source = "registry+https://github.com/rust-lang/crates.io-index"
checksum = "b97fcaeba89edba30f044a10c6a3cc39df9c3f17d7cd829dd1446cab35f890e0"
dependencies = [
 "maybe-uninit",
]

[[package]]
name = "value-enum"
version = "0.6.0"
source = "registry+https://github.com/rust-lang/crates.io-index"
checksum = "e763ed0ffa0e9cd35f6ef86b2fec25b66fb9900946ba28589b9e4144a04a4d6f"
